// !$*UTF8*$!
{
	archiveVersion = 1;
	classes = {
	};
	objectVersion = 56;
	objects = {

/* Begin PBXBuildFile section */
		C45C0AFC296653A1007BFE58 /* starcketApp.swift in Sources */ = {isa = PBXBuildFile; fileRef = C45C0AFB296653A1007BFE58 /* starcketApp.swift */; };
		C45C0AFE296653A1007BFE58 /* ContentView.swift in Sources */ = {isa = PBXBuildFile; fileRef = C45C0AFD296653A1007BFE58 /* ContentView.swift */; };
		C45C0B00296653A3007BFE58 /* Assets.xcassets in Resources */ = {isa = PBXBuildFile; fileRef = C45C0AFF296653A3007BFE58 /* Assets.xcassets */; };
		C45C0B03296653A3007BFE58 /* Preview Assets.xcassets in Resources */ = {isa = PBXBuildFile; fileRef = C45C0B02296653A3007BFE58 /* Preview Assets.xcassets */; };
		C45C0B1429665512007BFE58 /* Constants.swift in Sources */ = {isa = PBXBuildFile; fileRef = C45C0B1329665512007BFE58 /* Constants.swift */; };
		C45C0B1629665555007BFE58 /* Ex+Color.swift in Sources */ = {isa = PBXBuildFile; fileRef = C45C0B1529665555007BFE58 /* Ex+Color.swift */; };
		C45C0B2229665851007BFE58 /* BtnModifier.swift in Sources */ = {isa = PBXBuildFile; fileRef = C45C0B2129665851007BFE58 /* BtnModifier.swift */; };
		C45C0B24296659A1007BFE58 /* Bucket.swift in Sources */ = {isa = PBXBuildFile; fileRef = C45C0B23296659A1007BFE58 /* Bucket.swift */; };
		C45C0B2829665ACC007BFE58 /* BucketDetail.swift in Sources */ = {isa = PBXBuildFile; fileRef = C45C0B2729665ACC007BFE58 /* BucketDetail.swift */; };
/* End PBXBuildFile section */

/* Begin PBXFileReference section */
		C45C0AF8296653A1007BFE58 /* starcket.app */ = {isa = PBXFileReference; explicitFileType = wrapper.application; includeInIndex = 0; path = starcket.app; sourceTree = BUILT_PRODUCTS_DIR; };
		C45C0AFB296653A1007BFE58 /* starcketApp.swift */ = {isa = PBXFileReference; lastKnownFileType = sourcecode.swift; path = starcketApp.swift; sourceTree = "<group>"; };
		C45C0AFD296653A1007BFE58 /* ContentView.swift */ = {isa = PBXFileReference; lastKnownFileType = sourcecode.swift; path = ContentView.swift; sourceTree = "<group>"; };
		C45C0AFF296653A3007BFE58 /* Assets.xcassets */ = {isa = PBXFileReference; lastKnownFileType = folder.assetcatalog; path = Assets.xcassets; sourceTree = "<group>"; };
		C45C0B02296653A3007BFE58 /* Preview Assets.xcassets */ = {isa = PBXFileReference; lastKnownFileType = folder.assetcatalog; path = "Preview Assets.xcassets"; sourceTree = "<group>"; };
		C45C0B1329665512007BFE58 /* Constants.swift */ = {isa = PBXFileReference; lastKnownFileType = sourcecode.swift; path = Constants.swift; sourceTree = "<group>"; };
		C45C0B1529665555007BFE58 /* Ex+Color.swift */ = {isa = PBXFileReference; lastKnownFileType = sourcecode.swift; path = "Ex+Color.swift"; sourceTree = "<group>"; };
		C45C0B17296655A2007BFE58 /* Pretendard-Medium.otf */ = {isa = PBXFileReference; lastKnownFileType = file; path = "Pretendard-Medium.otf"; sourceTree = "<group>"; };
		C45C0B18296655A2007BFE58 /* Pretendard-ExtraBold.otf */ = {isa = PBXFileReference; lastKnownFileType = file; path = "Pretendard-ExtraBold.otf"; sourceTree = "<group>"; };
		C45C0B19296655A2007BFE58 /* Pretendard-Regular.otf */ = {isa = PBXFileReference; lastKnownFileType = file; path = "Pretendard-Regular.otf"; sourceTree = "<group>"; };
		C45C0B1A296655A2007BFE58 /* Pretendard-ExtraLight.otf */ = {isa = PBXFileReference; lastKnownFileType = file; path = "Pretendard-ExtraLight.otf"; sourceTree = "<group>"; };
		C45C0B1B296655A2007BFE58 /* Pretendard-SemiBold.otf */ = {isa = PBXFileReference; lastKnownFileType = file; path = "Pretendard-SemiBold.otf"; sourceTree = "<group>"; };
		C45C0B1C296655A3007BFE58 /* Pretendard-Bold.otf */ = {isa = PBXFileReference; lastKnownFileType = file; path = "Pretendard-Bold.otf"; sourceTree = "<group>"; };
		C45C0B1D296655A3007BFE58 /* Pretendard-Light.otf */ = {isa = PBXFileReference; lastKnownFileType = file; path = "Pretendard-Light.otf"; sourceTree = "<group>"; };
		C45C0B1E296655A3007BFE58 /* Pretendard-Thin.otf */ = {isa = PBXFileReference; lastKnownFileType = file; path = "Pretendard-Thin.otf"; sourceTree = "<group>"; };
		C45C0B1F296655A3007BFE58 /* Pretendard-Black.otf */ = {isa = PBXFileReference; lastKnownFileType = file; path = "Pretendard-Black.otf"; sourceTree = "<group>"; };
		C45C0B20296655BB007BFE58 /* Info.plist */ = {isa = PBXFileReference; lastKnownFileType = text.plist; path = Info.plist; sourceTree = "<group>"; };
		C45C0B2129665851007BFE58 /* BtnModifier.swift */ = {isa = PBXFileReference; lastKnownFileType = sourcecode.swift; path = BtnModifier.swift; sourceTree = "<group>"; };
		C45C0B23296659A1007BFE58 /* Bucket.swift */ = {isa = PBXFileReference; lastKnownFileType = sourcecode.swift; path = Bucket.swift; sourceTree = "<group>"; };
		C45C0B2729665ACC007BFE58 /* BucketDetail.swift */ = {isa = PBXFileReference; lastKnownFileType = sourcecode.swift; path = BucketDetail.swift; sourceTree = "<group>"; };
/* End PBXFileReference section */

/* Begin PBXFrameworksBuildPhase section */
		C45C0AF5296653A1007BFE58 /* Frameworks */ = {
			isa = PBXFrameworksBuildPhase;
			buildActionMask = 2147483647;
			files = (
			);
			runOnlyForDeploymentPostprocessing = 0;
		};
/* End PBXFrameworksBuildPhase section */

/* Begin PBXGroup section */
		C45C0AEF296653A1007BFE58 = {
			isa = PBXGroup;
			children = (
				C45C0AFA296653A1007BFE58 /* starcket */,
				C45C0AF9296653A1007BFE58 /* Products */,
			);
			sourceTree = "<group>";
		};
		C45C0AF9296653A1007BFE58 /* Products */ = {
			isa = PBXGroup;
			children = (
				C45C0AF8296653A1007BFE58 /* starcket.app */,
			);
			name = Products;
			sourceTree = "<group>";
		};
		C45C0AFA296653A1007BFE58 /* starcket */ = {
			isa = PBXGroup;
			children = (
				C45C0B20296655BB007BFE58 /* Info.plist */,
				C45C0AFB296653A1007BFE58 /* starcketApp.swift */,
				C45C0AFD296653A1007BFE58 /* ContentView.swift */,
				C45C0B0E296654A0007BFE58 /* Configuration */,
				C45C0B0D2966548C007BFE58 /* Sources */,
				C45C0AFF296653A3007BFE58 /* Assets.xcassets */,
				C45C0B01296653A3007BFE58 /* Preview Content */,
			);
			path = starcket;
			sourceTree = "<group>";
		};
		C45C0B01296653A3007BFE58 /* Preview Content */ = {
			isa = PBXGroup;
			children = (
				C45C0B02296653A3007BFE58 /* Preview Assets.xcassets */,
			);
			path = "Preview Content";
			sourceTree = "<group>";
		};
		C45C0B0929665415007BFE58 /* Models */ = {
			isa = PBXGroup;
			children = (
				C45C0B23296659A1007BFE58 /* Bucket.swift */,
				C45C0B2729665ACC007BFE58 /* BucketDetail.swift */,
			);
			path = Models;
			sourceTree = "<group>";
		};
		C45C0B0A2966541A007BFE58 /* Views */ = {
			isa = PBXGroup;
			children = (
			);
			path = Views;
			sourceTree = "<group>";
		};
		C45C0B0B29665426007BFE58 /* Stores */ = {
			isa = PBXGroup;
			children = (
			);
			path = Stores;
			sourceTree = "<group>";
		};
		C45C0B0D2966548C007BFE58 /* Sources */ = {
			isa = PBXGroup;
			children = (
				C45C0B0929665415007BFE58 /* Models */,
				C45C0B0B29665426007BFE58 /* Stores */,
				C45C0B0A2966541A007BFE58 /* Views */,
			);
			path = Sources;
			sourceTree = "<group>";
		};
		C45C0B0E296654A0007BFE58 /* Configuration */ = {
			isa = PBXGroup;
			children = (
				C45C0B0F296654A8007BFE58 /* Constants */,
				C45C0B10296654AE007BFE58 /* Extensions */,
				C45C0B11296654B5007BFE58 /* Fonts */,
				C45C0B12296654BB007BFE58 /* Modifiers */,
			);
			path = Configuration;
			sourceTree = "<group>";
		};
		C45C0B0F296654A8007BFE58 /* Constants */ = {
			isa = PBXGroup;
			children = (
				C45C0B1329665512007BFE58 /* Constants.swift */,
			);
			path = Constants;
			sourceTree = "<group>";
		};
		C45C0B10296654AE007BFE58 /* Extensions */ = {
			isa = PBXGroup;
			children = (
				C45C0B1529665555007BFE58 /* Ex+Color.swift */,
			);
			path = Extensions;
			sourceTree = "<group>";
		};
		C45C0B11296654B5007BFE58 /* Fonts */ = {
			isa = PBXGroup;
			children = (
				C45C0B1F296655A3007BFE58 /* Pretendard-Black.otf */,
				C45C0B1C296655A3007BFE58 /* Pretendard-Bold.otf */,
				C45C0B18296655A2007BFE58 /* Pretendard-ExtraBold.otf */,
				C45C0B1A296655A2007BFE58 /* Pretendard-ExtraLight.otf */,
				C45C0B1D296655A3007BFE58 /* Pretendard-Light.otf */,
				C45C0B17296655A2007BFE58 /* Pretendard-Medium.otf */,
				C45C0B19296655A2007BFE58 /* Pretendard-Regular.otf */,
				C45C0B1B296655A2007BFE58 /* Pretendard-SemiBold.otf */,
				C45C0B1E296655A3007BFE58 /* Pretendard-Thin.otf */,
			);
			path = Fonts;
			sourceTree = "<group>";
		};
		C45C0B12296654BB007BFE58 /* Modifiers */ = {
			isa = PBXGroup;
			children = (
				C45C0B2129665851007BFE58 /* BtnModifier.swift */,
			);
			path = Modifiers;
			sourceTree = "<group>";
		};
/* End PBXGroup section */

/* Begin PBXNativeTarget section */
		C45C0AF7296653A1007BFE58 /* starcket */ = {
			isa = PBXNativeTarget;
			buildConfigurationList = C45C0B06296653A3007BFE58 /* Build configuration list for PBXNativeTarget "starcket" */;
			buildPhases = (
				C45C0AF4296653A1007BFE58 /* Sources */,
				C45C0AF5296653A1007BFE58 /* Frameworks */,
				C45C0AF6296653A1007BFE58 /* Resources */,
			);
			buildRules = (
			);
			dependencies = (
			);
			name = starcket;
			productName = starcket;
			productReference = C45C0AF8296653A1007BFE58 /* starcket.app */;
			productType = "com.apple.product-type.application";
		};
/* End PBXNativeTarget section */

/* Begin PBXProject section */
		C45C0AF0296653A1007BFE58 /* Project object */ = {
			isa = PBXProject;
			attributes = {
				BuildIndependentTargetsInParallel = 1;
				LastSwiftUpdateCheck = 1420;
				LastUpgradeCheck = 1420;
				TargetAttributes = {
					C45C0AF7296653A1007BFE58 = {
						CreatedOnToolsVersion = 14.2;
					};
				};
			};
			buildConfigurationList = C45C0AF3296653A1007BFE58 /* Build configuration list for PBXProject "starcket" */;
			compatibilityVersion = "Xcode 14.0";
			developmentRegion = en;
			hasScannedForEncodings = 0;
			knownRegions = (
				en,
				Base,
			);
			mainGroup = C45C0AEF296653A1007BFE58;
			productRefGroup = C45C0AF9296653A1007BFE58 /* Products */;
			projectDirPath = "";
			projectRoot = "";
			targets = (
				C45C0AF7296653A1007BFE58 /* starcket */,
			);
		};
/* End PBXProject section */

/* Begin PBXResourcesBuildPhase section */
		C45C0AF6296653A1007BFE58 /* Resources */ = {
			isa = PBXResourcesBuildPhase;
			buildActionMask = 2147483647;
			files = (
				C45C0B03296653A3007BFE58 /* Preview Assets.xcassets in Resources */,
				C45C0B00296653A3007BFE58 /* Assets.xcassets in Resources */,
			);
			runOnlyForDeploymentPostprocessing = 0;
		};
/* End PBXResourcesBuildPhase section */

/* Begin PBXSourcesBuildPhase section */
		C45C0AF4296653A1007BFE58 /* Sources */ = {
			isa = PBXSourcesBuildPhase;
			buildActionMask = 2147483647;
			files = (
				C45C0B1629665555007BFE58 /* Ex+Color.swift in Sources */,
				C45C0B2229665851007BFE58 /* BtnModifier.swift in Sources */,
				C45C0AFE296653A1007BFE58 /* ContentView.swift in Sources */,
				C45C0B2829665ACC007BFE58 /* BucketDetail.swift in Sources */,
				C45C0B24296659A1007BFE58 /* Bucket.swift in Sources */,
				C45C0AFC296653A1007BFE58 /* starcketApp.swift in Sources */,
				C45C0B1429665512007BFE58 /* Constants.swift in Sources */,
			);
			runOnlyForDeploymentPostprocessing = 0;
		};
/* End PBXSourcesBuildPhase section */

/* Begin XCBuildConfiguration section */
		C45C0B04296653A3007BFE58 /* Debug */ = {
			isa = XCBuildConfiguration;
			buildSettings = {
				ALWAYS_SEARCH_USER_PATHS = NO;
				CLANG_ANALYZER_NONNULL = YES;
				CLANG_ANALYZER_NUMBER_OBJECT_CONVERSION = YES_AGGRESSIVE;
				CLANG_CXX_LANGUAGE_STANDARD = "gnu++20";
				CLANG_ENABLE_MODULES = YES;
				CLANG_ENABLE_OBJC_ARC = YES;
				CLANG_ENABLE_OBJC_WEAK = YES;
				CLANG_WARN_BLOCK_CAPTURE_AUTORELEASING = YES;
				CLANG_WARN_BOOL_CONVERSION = YES;
				CLANG_WARN_COMMA = YES;
				CLANG_WARN_CONSTANT_CONVERSION = YES;
				CLANG_WARN_DEPRECATED_OBJC_IMPLEMENTATIONS = YES;
				CLANG_WARN_DIRECT_OBJC_ISA_USAGE = YES_ERROR;
				CLANG_WARN_DOCUMENTATION_COMMENTS = YES;
				CLANG_WARN_EMPTY_BODY = YES;
				CLANG_WARN_ENUM_CONVERSION = YES;
				CLANG_WARN_INFINITE_RECURSION = YES;
				CLANG_WARN_INT_CONVERSION = YES;
				CLANG_WARN_NON_LITERAL_NULL_CONVERSION = YES;
				CLANG_WARN_OBJC_IMPLICIT_RETAIN_SELF = YES;
				CLANG_WARN_OBJC_LITERAL_CONVERSION = YES;
				CLANG_WARN_OBJC_ROOT_CLASS = YES_ERROR;
				CLANG_WARN_QUOTED_INCLUDE_IN_FRAMEWORK_HEADER = YES;
				CLANG_WARN_RANGE_LOOP_ANALYSIS = YES;
				CLANG_WARN_STRICT_PROTOTYPES = YES;
				CLANG_WARN_SUSPICIOUS_MOVE = YES;
				CLANG_WARN_UNGUARDED_AVAILABILITY = YES_AGGRESSIVE;
				CLANG_WARN_UNREACHABLE_CODE = YES;
				CLANG_WARN__DUPLICATE_METHOD_MATCH = YES;
				COPY_PHASE_STRIP = NO;
				DEBUG_INFORMATION_FORMAT = dwarf;
				ENABLE_STRICT_OBJC_MSGSEND = YES;
				ENABLE_TESTABILITY = YES;
				GCC_C_LANGUAGE_STANDARD = gnu11;
				GCC_DYNAMIC_NO_PIC = NO;
				GCC_NO_COMMON_BLOCKS = YES;
				GCC_OPTIMIZATION_LEVEL = 0;
				GCC_PREPROCESSOR_DEFINITIONS = (
					"DEBUG=1",
					"$(inherited)",
				);
				GCC_WARN_64_TO_32_BIT_CONVERSION = YES;
				GCC_WARN_ABOUT_RETURN_TYPE = YES_ERROR;
				GCC_WARN_UNDECLARED_SELECTOR = YES;
				GCC_WARN_UNINITIALIZED_AUTOS = YES_AGGRESSIVE;
				GCC_WARN_UNUSED_FUNCTION = YES;
				GCC_WARN_UNUSED_VARIABLE = YES;
				IPHONEOS_DEPLOYMENT_TARGET = 16.2;
				MTL_ENABLE_DEBUG_INFO = INCLUDE_SOURCE;
				MTL_FAST_MATH = YES;
				ONLY_ACTIVE_ARCH = YES;
				SDKROOT = iphoneos;
				SWIFT_ACTIVE_COMPILATION_CONDITIONS = DEBUG;
				SWIFT_OPTIMIZATION_LEVEL = "-Onone";
			};
			name = Debug;
		};
		C45C0B05296653A3007BFE58 /* Release */ = {
			isa = XCBuildConfiguration;
			buildSettings = {
				ALWAYS_SEARCH_USER_PATHS = NO;
				CLANG_ANALYZER_NONNULL = YES;
				CLANG_ANALYZER_NUMBER_OBJECT_CONVERSION = YES_AGGRESSIVE;
				CLANG_CXX_LANGUAGE_STANDARD = "gnu++20";
				CLANG_ENABLE_MODULES = YES;
				CLANG_ENABLE_OBJC_ARC = YES;
				CLANG_ENABLE_OBJC_WEAK = YES;
				CLANG_WARN_BLOCK_CAPTURE_AUTORELEASING = YES;
				CLANG_WARN_BOOL_CONVERSION = YES;
				CLANG_WARN_COMMA = YES;
				CLANG_WARN_CONSTANT_CONVERSION = YES;
				CLANG_WARN_DEPRECATED_OBJC_IMPLEMENTATIONS = YES;
				CLANG_WARN_DIRECT_OBJC_ISA_USAGE = YES_ERROR;
				CLANG_WARN_DOCUMENTATION_COMMENTS = YES;
				CLANG_WARN_EMPTY_BODY = YES;
				CLANG_WARN_ENUM_CONVERSION = YES;
				CLANG_WARN_INFINITE_RECURSION = YES;
				CLANG_WARN_INT_CONVERSION = YES;
				CLANG_WARN_NON_LITERAL_NULL_CONVERSION = YES;
				CLANG_WARN_OBJC_IMPLICIT_RETAIN_SELF = YES;
				CLANG_WARN_OBJC_LITERAL_CONVERSION = YES;
				CLANG_WARN_OBJC_ROOT_CLASS = YES_ERROR;
				CLANG_WARN_QUOTED_INCLUDE_IN_FRAMEWORK_HEADER = YES;
				CLANG_WARN_RANGE_LOOP_ANALYSIS = YES;
				CLANG_WARN_STRICT_PROTOTYPES = YES;
				CLANG_WARN_SUSPICIOUS_MOVE = YES;
				CLANG_WARN_UNGUARDED_AVAILABILITY = YES_AGGRESSIVE;
				CLANG_WARN_UNREACHABLE_CODE = YES;
				CLANG_WARN__DUPLICATE_METHOD_MATCH = YES;
				COPY_PHASE_STRIP = NO;
				DEBUG_INFORMATION_FORMAT = "dwarf-with-dsym";
				ENABLE_NS_ASSERTIONS = NO;
				ENABLE_STRICT_OBJC_MSGSEND = YES;
				GCC_C_LANGUAGE_STANDARD = gnu11;
				GCC_NO_COMMON_BLOCKS = YES;
				GCC_WARN_64_TO_32_BIT_CONVERSION = YES;
				GCC_WARN_ABOUT_RETURN_TYPE = YES_ERROR;
				GCC_WARN_UNDECLARED_SELECTOR = YES;
				GCC_WARN_UNINITIALIZED_AUTOS = YES_AGGRESSIVE;
				GCC_WARN_UNUSED_FUNCTION = YES;
				GCC_WARN_UNUSED_VARIABLE = YES;
				IPHONEOS_DEPLOYMENT_TARGET = 16.2;
				MTL_ENABLE_DEBUG_INFO = NO;
				MTL_FAST_MATH = YES;
				SDKROOT = iphoneos;
				SWIFT_COMPILATION_MODE = wholemodule;
				SWIFT_OPTIMIZATION_LEVEL = "-O";
				VALIDATE_PRODUCT = YES;
			};
			name = Release;
		};
		C45C0B07296653A3007BFE58 /* Debug */ = {
			isa = XCBuildConfiguration;
			buildSettings = {
				ASSETCATALOG_COMPILER_APPICON_NAME = AppIcon;
				ASSETCATALOG_COMPILER_GLOBAL_ACCENT_COLOR_NAME = AccentColor;
				CODE_SIGN_STYLE = Automatic;
				CURRENT_PROJECT_VERSION = 1;
				DEVELOPMENT_ASSET_PATHS = "\"starcket/Preview Content\"";
				DEVELOPMENT_TEAM = SF6SBNPMLX;
				ENABLE_PREVIEWS = YES;
				GENERATE_INFOPLIST_FILE = YES;
				INFOPLIST_FILE = starcket/Info.plist;
				INFOPLIST_KEY_UIApplicationSceneManifest_Generation = YES;
				INFOPLIST_KEY_UIApplicationSupportsIndirectInputEvents = YES;
				INFOPLIST_KEY_UILaunchScreen_Generation = YES;
				INFOPLIST_KEY_UISupportedInterfaceOrientations = UIInterfaceOrientationPortrait;
				INFOPLIST_KEY_UISupportedInterfaceOrientations_iPad = "UIInterfaceOrientationLandscapeLeft UIInterfaceOrientationLandscapeRight UIInterfaceOrientationPortrait UIInterfaceOrientationPortraitUpsideDown";
				IPHONEOS_DEPLOYMENT_TARGET = 16.0;
				LD_RUNPATH_SEARCH_PATHS = (
					"$(inherited)",
					"@executable_path/Frameworks",
				);
				MARKETING_VERSION = 1.0;
				PRODUCT_BUNDLE_IDENTIFIER = likelion.hackathon.starcket;
				PRODUCT_NAME = "$(TARGET_NAME)";
				SWIFT_EMIT_LOC_STRINGS = YES;
				SWIFT_VERSION = 5.0;
				TARGETED_DEVICE_FAMILY = "1,2";
			};
			name = Debug;
		};
		C45C0B08296653A3007BFE58 /* Release */ = {
			isa = XCBuildConfiguration;
			buildSettings = {
				ASSETCATALOG_COMPILER_APPICON_NAME = AppIcon;
				ASSETCATALOG_COMPILER_GLOBAL_ACCENT_COLOR_NAME = AccentColor;
				CODE_SIGN_STYLE = Automatic;
				CURRENT_PROJECT_VERSION = 1;
				DEVELOPMENT_ASSET_PATHS = "\"starcket/Preview Content\"";
				DEVELOPMENT_TEAM = SF6SBNPMLX;
				ENABLE_PREVIEWS = YES;
				GENERATE_INFOPLIST_FILE = YES;
				INFOPLIST_FILE = starcket/Info.plist;
				INFOPLIST_KEY_UIApplicationSceneManifest_Generation = YES;
				INFOPLIST_KEY_UIApplicationSupportsIndirectInputEvents = YES;
				INFOPLIST_KEY_UILaunchScreen_Generation = YES;
				INFOPLIST_KEY_UISupportedInterfaceOrientations = UIInterfaceOrientationPortrait;
				INFOPLIST_KEY_UISupportedInterfaceOrientations_iPad = "UIInterfaceOrientationLandscapeLeft UIInterfaceOrientationLandscapeRight UIInterfaceOrientationPortrait UIInterfaceOrientationPortraitUpsideDown";
				IPHONEOS_DEPLOYMENT_TARGET = 16.0;
				LD_RUNPATH_SEARCH_PATHS = (
					"$(inherited)",
					"@executable_path/Frameworks",
				);
				MARKETING_VERSION = 1.0;
				PRODUCT_BUNDLE_IDENTIFIER = likelion.hackathon.starcket;
				PRODUCT_NAME = "$(TARGET_NAME)";
				SWIFT_EMIT_LOC_STRINGS = YES;
				SWIFT_VERSION = 5.0;
				TARGETED_DEVICE_FAMILY = "1,2";
			};
			name = Release;
		};
/* End XCBuildConfiguration section */

/* Begin XCConfigurationList section */
		C45C0AF3296653A1007BFE58 /* Build configuration list for PBXProject "starcket" */ = {
			isa = XCConfigurationList;
			buildConfigurations = (
				C45C0B04296653A3007BFE58 /* Debug */,
				C45C0B05296653A3007BFE58 /* Release */,
			);
			defaultConfigurationIsVisible = 0;
			defaultConfigurationName = Release;
		};
		C45C0B06296653A3007BFE58 /* Build configuration list for PBXNativeTarget "starcket" */ = {
			isa = XCConfigurationList;
			buildConfigurations = (
				C45C0B07296653A3007BFE58 /* Debug */,
				C45C0B08296653A3007BFE58 /* Release */,
			);
			defaultConfigurationIsVisible = 0;
			defaultConfigurationName = Release;
		};
/* End XCConfigurationList section */
	};
	rootObject = C45C0AF0296653A1007BFE58 /* Project object */;
}
