// !$*UTF8*$!
{
	archiveVersion = 1;
	classes = {
	};
	objectVersion = 56;
	objects = {

/* Begin PBXBuildFile section */
		0CD92F012966EC5E0058F4B6 /* AddStarView.swift in Sources */ = {isa = PBXBuildFile; fileRef = 0CD92EFF2966CA410058F4B6 /* AddStarView.swift */; };
		0CD92F032966EDC20058F4B6 /* HomeView.swift in Sources */ = {isa = PBXBuildFile; fileRef = 0CD92F022966EDC20058F4B6 /* HomeView.swift */; };
		1A3AE9DA2966AE460024DBB1 /* BucketListAddView.swift in Sources */ = {isa = PBXBuildFile; fileRef = 1A3AE9D92966AE460024DBB1 /* BucketListAddView.swift */; };
		1A3AE9E02966D7F70024DBB1 /* BucketDetailStore.swift in Sources */ = {isa = PBXBuildFile; fileRef = 1A3AE9DF2966D7F70024DBB1 /* BucketDetailStore.swift */; };
		1A3AE9E4296711900024DBB1 /* Ex+Date.swift in Sources */ = {isa = PBXBuildFile; fileRef = 1A3AE9E3296711900024DBB1 /* Ex+Date.swift */; };
		1A3AE9E6296711990024DBB1 /* Ex+String.swift in Sources */ = {isa = PBXBuildFile; fileRef = 1A3AE9E5296711990024DBB1 /* Ex+String.swift */; };
		1A3AE9E7296721FE0024DBB1 /* BucketDetailListView.swift in Sources */ = {isa = PBXBuildFile; fileRef = 1A3AE9E12966ECCE0024DBB1 /* BucketDetailListView.swift */; };
		806C0A6029673DD100ADE0D1 /* GoogleService-Info.plist in Resources */ = {isa = PBXBuildFile; fileRef = 806C0A5F29673DD100ADE0D1 /* GoogleService-Info.plist */; };
		806C0A6229673DFB00ADE0D1 /* Config.xcconfig in Resources */ = {isa = PBXBuildFile; fileRef = 806C0A6129673DFB00ADE0D1 /* Config.xcconfig */; };
		806C0A662967540D00ADE0D1 /* SoohyunTest.swift in Sources */ = {isa = PBXBuildFile; fileRef = 806C0A652967540D00ADE0D1 /* SoohyunTest.swift */; };
		80826E3B2966A45F00737B64 /* GoogleSignIn in Frameworks */ = {isa = PBXBuildFile; productRef = 80826E3A2966A45F00737B64 /* GoogleSignIn */; };
		80826E3D2966A45F00737B64 /* GoogleSignInSwift in Frameworks */ = {isa = PBXBuildFile; productRef = 80826E3C2966A45F00737B64 /* GoogleSignInSwift */; };
		80826E3F2966A55000737B64 /* AuthStore.swift in Sources */ = {isa = PBXBuildFile; fileRef = 80826E3E2966A55000737B64 /* AuthStore.swift */; };
		80826E432966B10C00737B64 /* KakaoSDK in Frameworks */ = {isa = PBXBuildFile; productRef = 80826E422966B10C00737B64 /* KakaoSDK */; };
		80826E452966B85900737B64 /* TxtfieldModifier.swift in Sources */ = {isa = PBXBuildFile; fileRef = 80826E442966B85900737B64 /* TxtfieldModifier.swift */; };
		80826E4E2966C04200737B64 /* PopupView in Frameworks */ = {isa = PBXBuildFile; productRef = 80826E4D2966C04200737B64 /* PopupView */; };
		80826E502966C5DA00737B64 /* SignUpAuthStore.swift in Sources */ = {isa = PBXBuildFile; fileRef = 80826E4F2966C5DA00737B64 /* SignUpAuthStore.swift */; };
		80826E5E2966D8CF00737B64 /* SignUpStep2View.swift in Sources */ = {isa = PBXBuildFile; fileRef = 80826E592966D8CF00737B64 /* SignUpStep2View.swift */; };
		80826E5F2966D8CF00737B64 /* SafariView.swift in Sources */ = {isa = PBXBuildFile; fileRef = 80826E5A2966D8CF00737B64 /* SafariView.swift */; };
		80826E602966D8CF00737B64 /* SignUpStep1View.swift in Sources */ = {isa = PBXBuildFile; fileRef = 80826E5B2966D8CF00737B64 /* SignUpStep1View.swift */; };
		80826E612966D8CF00737B64 /* SignUpView.swift in Sources */ = {isa = PBXBuildFile; fileRef = 80826E5C2966D8CF00737B64 /* SignUpView.swift */; };
		80826E622966D8CF00737B64 /* TermType.swift in Sources */ = {isa = PBXBuildFile; fileRef = 80826E5D2966D8CF00737B64 /* TermType.swift */; };
		80826E642966E04E00737B64 /* MoreView.swift in Sources */ = {isa = PBXBuildFile; fileRef = 80826E632966E04E00737B64 /* MoreView.swift */; };
		80826E682966E42F00737B64 /* PurchasePremiumView.swift in Sources */ = {isa = PBXBuildFile; fileRef = 80826E672966E42F00737B64 /* PurchasePremiumView.swift */; };
		80826E6A2966E4A100737B64 /* EditProfileView.swift in Sources */ = {isa = PBXBuildFile; fileRef = 80826E692966E4A100737B64 /* EditProfileView.swift */; };
		80826E6C2966E7EE00737B64 /* SendOpinion.swift in Sources */ = {isa = PBXBuildFile; fileRef = 80826E6B2966E7EE00737B64 /* SendOpinion.swift */; };
		8B4377172966F109002D4AAB /* BucketListDetailAddView.swift in Sources */ = {isa = PBXBuildFile; fileRef = 8B4377162966F109002D4AAB /* BucketListDetailAddView.swift */; };
		8B4377192966F5F4002D4AAB /* ImagePicker.swift in Sources */ = {isa = PBXBuildFile; fileRef = 8B4377182966F5F4002D4AAB /* ImagePicker.swift */; };
		8B43771B29671C52002D4AAB /* BucketDetailView.swift in Sources */ = {isa = PBXBuildFile; fileRef = 8B43771A29671C52002D4AAB /* BucketDetailView.swift */; };
		9522F19C29674156008F28E7 /* Config.xcconfig in Resources */ = {isa = PBXBuildFile; fileRef = 9522F19B29674156008F28E7 /* Config.xcconfig */; };
		9522F19D29674156008F28E7 /* Config.xcconfig in Resources */ = {isa = PBXBuildFile; fileRef = 9522F19B29674156008F28E7 /* Config.xcconfig */; };
		9522F1A22967422F008F28E7 /* GoogleService-Info.plist in Resources */ = {isa = PBXBuildFile; fileRef = 9522F1A12967422F008F28E7 /* GoogleService-Info.plist */; };
		958419E22966FC9A00CF4682 /* WidgetKit.framework in Frameworks */ = {isa = PBXBuildFile; fileRef = 958419E12966FC9A00CF4682 /* WidgetKit.framework */; };
		958419E42966FC9A00CF4682 /* SwiftUI.framework in Frameworks */ = {isa = PBXBuildFile; fileRef = 958419E32966FC9A00CF4682 /* SwiftUI.framework */; };
		958419E72966FC9A00CF4682 /* MyBucket.swift in Sources */ = {isa = PBXBuildFile; fileRef = 958419E62966FC9A00CF4682 /* MyBucket.swift */; };
		958419EA2966FC9D00CF4682 /* Assets.xcassets in Resources */ = {isa = PBXBuildFile; fileRef = 958419E92966FC9D00CF4682 /* Assets.xcassets */; };
		958419EC2966FC9D00CF4682 /* MyBucket.intentdefinition in Sources */ = {isa = PBXBuildFile; fileRef = 958419E82966FC9A00CF4682 /* MyBucket.intentdefinition */; };
		958419ED2966FC9D00CF4682 /* MyBucket.intentdefinition in Sources */ = {isa = PBXBuildFile; fileRef = 958419E82966FC9A00CF4682 /* MyBucket.intentdefinition */; };
		958419F02966FC9D00CF4682 /* MyBucketExtension.appex in Embed Foundation Extensions */ = {isa = PBXBuildFile; fileRef = 958419DF2966FC9A00CF4682 /* MyBucketExtension.appex */; settings = {ATTRIBUTES = (RemoveHeadersOnCopy, ); }; };
		958419F52966FD5F00CF4682 /* DeepWaterWave.swift in Sources */ = {isa = PBXBuildFile; fileRef = 958FCFB72966BAC50028B466 /* DeepWaterWave.swift */; };
		958419F82966FE3200CF4682 /* WaterWave.swift in Sources */ = {isa = PBXBuildFile; fileRef = 958FCFB52966A9EE0028B466 /* WaterWave.swift */; };
		958419F92966FE5100CF4682 /* Ex+Color.swift in Sources */ = {isa = PBXBuildFile; fileRef = C45C0B1529665555007BFE58 /* Ex+Color.swift */; };
		958FCFB62966A9EE0028B466 /* WaterWave.swift in Sources */ = {isa = PBXBuildFile; fileRef = 958FCFB52966A9EE0028B466 /* WaterWave.swift */; };
		958FCFB82966BAC50028B466 /* DeepWaterWave.swift in Sources */ = {isa = PBXBuildFile; fileRef = 958FCFB72966BAC50028B466 /* DeepWaterWave.swift */; };
		C45C0AFC296653A1007BFE58 /* starcketApp.swift in Sources */ = {isa = PBXBuildFile; fileRef = C45C0AFB296653A1007BFE58 /* starcketApp.swift */; };
		C45C0AFE296653A1007BFE58 /* ContentView.swift in Sources */ = {isa = PBXBuildFile; fileRef = C45C0AFD296653A1007BFE58 /* ContentView.swift */; };
		C45C0B00296653A3007BFE58 /* Assets.xcassets in Resources */ = {isa = PBXBuildFile; fileRef = C45C0AFF296653A3007BFE58 /* Assets.xcassets */; };
		C45C0B03296653A3007BFE58 /* Preview Assets.xcassets in Resources */ = {isa = PBXBuildFile; fileRef = C45C0B02296653A3007BFE58 /* Preview Assets.xcassets */; };
		C45C0B1429665512007BFE58 /* Constants.swift in Sources */ = {isa = PBXBuildFile; fileRef = C45C0B1329665512007BFE58 /* Constants.swift */; };
		C45C0B1629665555007BFE58 /* Ex+Color.swift in Sources */ = {isa = PBXBuildFile; fileRef = C45C0B1529665555007BFE58 /* Ex+Color.swift */; };
		C45C0B2229665851007BFE58 /* BtnModifier.swift in Sources */ = {isa = PBXBuildFile; fileRef = C45C0B2129665851007BFE58 /* BtnModifier.swift */; };
		C45C0B24296659A1007BFE58 /* Bucket.swift in Sources */ = {isa = PBXBuildFile; fileRef = C45C0B23296659A1007BFE58 /* Bucket.swift */; };
		C45C0B2829665ACC007BFE58 /* BucketDetail.swift in Sources */ = {isa = PBXBuildFile; fileRef = C45C0B2729665ACC007BFE58 /* BucketDetail.swift */; };
		C45C0B3529665D0B007BFE58 /* SplashView.swift in Sources */ = {isa = PBXBuildFile; fileRef = C45C0B3429665D0B007BFE58 /* SplashView.swift */; };
		C45C0B3729665D17007BFE58 /* SignInView.swift in Sources */ = {isa = PBXBuildFile; fileRef = C45C0B3629665D17007BFE58 /* SignInView.swift */; };
		C45C0B3D29665D2B007BFE58 /* BucketListView.swift in Sources */ = {isa = PBXBuildFile; fileRef = C45C0B3C29665D2B007BFE58 /* BucketListView.swift */; };
		C45C0B3F29665D37007BFE58 /* AnalyzeView.swift in Sources */ = {isa = PBXBuildFile; fileRef = C45C0B3E29665D37007BFE58 /* AnalyzeView.swift */; };
		C45C0B4129665D40007BFE58 /* MyPageView.swift in Sources */ = {isa = PBXBuildFile; fileRef = C45C0B4029665D40007BFE58 /* MyPageView.swift */; };
		C45C0B4329665D48007BFE58 /* NotificationView.swift in Sources */ = {isa = PBXBuildFile; fileRef = C45C0B4229665D48007BFE58 /* NotificationView.swift */; };
		C45C0B4529665D73007BFE58 /* ETC.swift in Sources */ = {isa = PBXBuildFile; fileRef = C45C0B4429665D73007BFE58 /* ETC.swift */; };
		C45C0B47296684C5007BFE58 /* User.swift in Sources */ = {isa = PBXBuildFile; fileRef = C45C0B46296684C5007BFE58 /* User.swift */; };
		C45C0B49296686EB007BFE58 /* BucketStore.swift in Sources */ = {isa = PBXBuildFile; fileRef = C45C0B48296686EB007BFE58 /* BucketStore.swift */; };
		C45C0B4C2966886D007BFE58 /* FirebaseAuth in Frameworks */ = {isa = PBXBuildFile; productRef = C45C0B4B2966886D007BFE58 /* FirebaseAuth */; };
		C45C0B4E2966886D007BFE58 /* FirebaseFirestore in Frameworks */ = {isa = PBXBuildFile; productRef = C45C0B4D2966886D007BFE58 /* FirebaseFirestore */; };
		C45C0B502966886D007BFE58 /* FirebaseFirestoreSwift in Frameworks */ = {isa = PBXBuildFile; productRef = C45C0B4F2966886D007BFE58 /* FirebaseFirestoreSwift */; };
		C45C0B522966886D007BFE58 /* FirebaseStorage in Frameworks */ = {isa = PBXBuildFile; productRef = C45C0B512966886D007BFE58 /* FirebaseStorage */; };
/* End PBXBuildFile section */

/* Begin PBXContainerItemProxy section */
		958419EE2966FC9D00CF4682 /* PBXContainerItemProxy */ = {
			isa = PBXContainerItemProxy;
			containerPortal = C45C0AF0296653A1007BFE58 /* Project object */;
			proxyType = 1;
			remoteGlobalIDString = 958419DE2966FC9A00CF4682;
			remoteInfo = MyBucketExtension;
		};
/* End PBXContainerItemProxy section */

/* Begin PBXCopyFilesBuildPhase section */
		958419F12966FC9D00CF4682 /* Embed Foundation Extensions */ = {
			isa = PBXCopyFilesBuildPhase;
			buildActionMask = 2147483647;
			dstPath = "";
			dstSubfolderSpec = 13;
			files = (
				958419F02966FC9D00CF4682 /* MyBucketExtension.appex in Embed Foundation Extensions */,
			);
			name = "Embed Foundation Extensions";
			runOnlyForDeploymentPostprocessing = 0;
		};
/* End PBXCopyFilesBuildPhase section */

/* Begin PBXFileReference section */
		0CD92EFF2966CA410058F4B6 /* AddStarView.swift */ = {isa = PBXFileReference; lastKnownFileType = sourcecode.swift; path = AddStarView.swift; sourceTree = "<group>"; };
		0CD92F022966EDC20058F4B6 /* HomeView.swift */ = {isa = PBXFileReference; lastKnownFileType = sourcecode.swift; path = HomeView.swift; sourceTree = "<group>"; };
		1A3AE9D92966AE460024DBB1 /* BucketListAddView.swift */ = {isa = PBXFileReference; lastKnownFileType = sourcecode.swift; path = BucketListAddView.swift; sourceTree = "<group>"; };
		1A3AE9DF2966D7F70024DBB1 /* BucketDetailStore.swift */ = {isa = PBXFileReference; fileEncoding = 4; lastKnownFileType = sourcecode.swift; path = BucketDetailStore.swift; sourceTree = "<group>"; };
		1A3AE9E12966ECCE0024DBB1 /* BucketDetailListView.swift */ = {isa = PBXFileReference; lastKnownFileType = sourcecode.swift; path = BucketDetailListView.swift; sourceTree = "<group>"; };
		1A3AE9E3296711900024DBB1 /* Ex+Date.swift */ = {isa = PBXFileReference; fileEncoding = 4; lastKnownFileType = sourcecode.swift; path = "Ex+Date.swift"; sourceTree = "<group>"; };
		1A3AE9E5296711990024DBB1 /* Ex+String.swift */ = {isa = PBXFileReference; fileEncoding = 4; lastKnownFileType = sourcecode.swift; path = "Ex+String.swift"; sourceTree = "<group>"; };
		806C0A5F29673DD100ADE0D1 /* GoogleService-Info.plist */ = {isa = PBXFileReference; fileEncoding = 4; lastKnownFileType = text.plist.xml; name = "GoogleService-Info.plist"; path = "../../../../Desktop/GoogleService-Info.plist"; sourceTree = "<group>"; };
		806C0A6129673DFB00ADE0D1 /* Config.xcconfig */ = {isa = PBXFileReference; fileEncoding = 4; lastKnownFileType = text.xcconfig; path = Config.xcconfig; sourceTree = "<group>"; };
		806C0A652967540D00ADE0D1 /* SoohyunTest.swift */ = {isa = PBXFileReference; lastKnownFileType = sourcecode.swift; path = SoohyunTest.swift; sourceTree = "<group>"; };
		80826E3E2966A55000737B64 /* AuthStore.swift */ = {isa = PBXFileReference; lastKnownFileType = sourcecode.swift; path = AuthStore.swift; sourceTree = "<group>"; };
		80826E442966B85900737B64 /* TxtfieldModifier.swift */ = {isa = PBXFileReference; lastKnownFileType = sourcecode.swift; path = TxtfieldModifier.swift; sourceTree = "<group>"; };
		80826E4F2966C5DA00737B64 /* SignUpAuthStore.swift */ = {isa = PBXFileReference; lastKnownFileType = sourcecode.swift; path = SignUpAuthStore.swift; sourceTree = "<group>"; };
		80826E592966D8CF00737B64 /* SignUpStep2View.swift */ = {isa = PBXFileReference; fileEncoding = 4; lastKnownFileType = sourcecode.swift; path = SignUpStep2View.swift; sourceTree = "<group>"; };
		80826E5A2966D8CF00737B64 /* SafariView.swift */ = {isa = PBXFileReference; fileEncoding = 4; lastKnownFileType = sourcecode.swift; path = SafariView.swift; sourceTree = "<group>"; };
		80826E5B2966D8CF00737B64 /* SignUpStep1View.swift */ = {isa = PBXFileReference; fileEncoding = 4; lastKnownFileType = sourcecode.swift; path = SignUpStep1View.swift; sourceTree = "<group>"; };
		80826E5C2966D8CF00737B64 /* SignUpView.swift */ = {isa = PBXFileReference; fileEncoding = 4; lastKnownFileType = sourcecode.swift; path = SignUpView.swift; sourceTree = "<group>"; };
		80826E5D2966D8CF00737B64 /* TermType.swift */ = {isa = PBXFileReference; fileEncoding = 4; lastKnownFileType = sourcecode.swift; path = TermType.swift; sourceTree = "<group>"; };
		80826E632966E04E00737B64 /* MoreView.swift */ = {isa = PBXFileReference; lastKnownFileType = sourcecode.swift; path = MoreView.swift; sourceTree = "<group>"; };
		80826E672966E42F00737B64 /* PurchasePremiumView.swift */ = {isa = PBXFileReference; lastKnownFileType = sourcecode.swift; path = PurchasePremiumView.swift; sourceTree = "<group>"; };
		80826E692966E4A100737B64 /* EditProfileView.swift */ = {isa = PBXFileReference; lastKnownFileType = sourcecode.swift; path = EditProfileView.swift; sourceTree = "<group>"; };
		80826E6B2966E7EE00737B64 /* SendOpinion.swift */ = {isa = PBXFileReference; lastKnownFileType = sourcecode.swift; path = SendOpinion.swift; sourceTree = "<group>"; };
		8B4377162966F109002D4AAB /* BucketListDetailAddView.swift */ = {isa = PBXFileReference; lastKnownFileType = sourcecode.swift; path = BucketListDetailAddView.swift; sourceTree = "<group>"; };
		8B4377182966F5F4002D4AAB /* ImagePicker.swift */ = {isa = PBXFileReference; lastKnownFileType = sourcecode.swift; path = ImagePicker.swift; sourceTree = "<group>"; };
		8B43771A29671C52002D4AAB /* BucketDetailView.swift */ = {isa = PBXFileReference; lastKnownFileType = sourcecode.swift; path = BucketDetailView.swift; sourceTree = "<group>"; };
		9522F19B29674156008F28E7 /* Config.xcconfig */ = {isa = PBXFileReference; fileEncoding = 4; lastKnownFileType = text.xcconfig; path = Config.xcconfig; sourceTree = "<group>"; };
		9522F1A12967422F008F28E7 /* GoogleService-Info.plist */ = {isa = PBXFileReference; fileEncoding = 4; lastKnownFileType = text.plist.xml; name = "GoogleService-Info.plist"; path = "../../googlInfo/hackerton/GoogleService-Info.plist"; sourceTree = "<group>"; };
		958419DF2966FC9A00CF4682 /* MyBucketExtension.appex */ = {isa = PBXFileReference; explicitFileType = "wrapper.app-extension"; includeInIndex = 0; path = MyBucketExtension.appex; sourceTree = BUILT_PRODUCTS_DIR; };
		958419E12966FC9A00CF4682 /* WidgetKit.framework */ = {isa = PBXFileReference; lastKnownFileType = wrapper.framework; name = WidgetKit.framework; path = System/Library/Frameworks/WidgetKit.framework; sourceTree = SDKROOT; };
		958419E32966FC9A00CF4682 /* SwiftUI.framework */ = {isa = PBXFileReference; lastKnownFileType = wrapper.framework; name = SwiftUI.framework; path = System/Library/Frameworks/SwiftUI.framework; sourceTree = SDKROOT; };
		958419E62966FC9A00CF4682 /* MyBucket.swift */ = {isa = PBXFileReference; lastKnownFileType = sourcecode.swift; path = MyBucket.swift; sourceTree = "<group>"; };
		958419E82966FC9A00CF4682 /* MyBucket.intentdefinition */ = {isa = PBXFileReference; lastKnownFileType = file.intentdefinition; path = MyBucket.intentdefinition; sourceTree = "<group>"; };
		958419E92966FC9D00CF4682 /* Assets.xcassets */ = {isa = PBXFileReference; lastKnownFileType = folder.assetcatalog; path = Assets.xcassets; sourceTree = "<group>"; };
		958419EB2966FC9D00CF4682 /* Info.plist */ = {isa = PBXFileReference; lastKnownFileType = text.plist.xml; path = Info.plist; sourceTree = "<group>"; };
		958FCFB52966A9EE0028B466 /* WaterWave.swift */ = {isa = PBXFileReference; lastKnownFileType = sourcecode.swift; path = WaterWave.swift; sourceTree = "<group>"; };
		958FCFB72966BAC50028B466 /* DeepWaterWave.swift */ = {isa = PBXFileReference; lastKnownFileType = sourcecode.swift; path = DeepWaterWave.swift; sourceTree = "<group>"; };
		C45C0AF8296653A1007BFE58 /* starcket.app */ = {isa = PBXFileReference; explicitFileType = wrapper.application; includeInIndex = 0; path = starcket.app; sourceTree = BUILT_PRODUCTS_DIR; };
		C45C0AFB296653A1007BFE58 /* starcketApp.swift */ = {isa = PBXFileReference; lastKnownFileType = sourcecode.swift; path = starcketApp.swift; sourceTree = "<group>"; };
		C45C0AFD296653A1007BFE58 /* ContentView.swift */ = {isa = PBXFileReference; lastKnownFileType = sourcecode.swift; path = ContentView.swift; sourceTree = "<group>"; };
		C45C0AFF296653A3007BFE58 /* Assets.xcassets */ = {isa = PBXFileReference; lastKnownFileType = folder.assetcatalog; path = Assets.xcassets; sourceTree = "<group>"; };
		C45C0B02296653A3007BFE58 /* Preview Assets.xcassets */ = {isa = PBXFileReference; lastKnownFileType = folder.assetcatalog; path = "Preview Assets.xcassets"; sourceTree = "<group>"; };
		C45C0B1329665512007BFE58 /* Constants.swift */ = {isa = PBXFileReference; lastKnownFileType = sourcecode.swift; path = Constants.swift; sourceTree = "<group>"; };
		C45C0B1529665555007BFE58 /* Ex+Color.swift */ = {isa = PBXFileReference; lastKnownFileType = sourcecode.swift; path = "Ex+Color.swift"; sourceTree = "<group>"; };
		C45C0B17296655A2007BFE58 /* Pretendard-Medium.otf */ = {isa = PBXFileReference; lastKnownFileType = file; path = "Pretendard-Medium.otf"; sourceTree = "<group>"; };
		C45C0B18296655A2007BFE58 /* Pretendard-ExtraBold.otf */ = {isa = PBXFileReference; lastKnownFileType = file; path = "Pretendard-ExtraBold.otf"; sourceTree = "<group>"; };
		C45C0B19296655A2007BFE58 /* Pretendard-Regular.otf */ = {isa = PBXFileReference; lastKnownFileType = file; path = "Pretendard-Regular.otf"; sourceTree = "<group>"; };
		C45C0B1A296655A2007BFE58 /* Pretendard-ExtraLight.otf */ = {isa = PBXFileReference; lastKnownFileType = file; path = "Pretendard-ExtraLight.otf"; sourceTree = "<group>"; };
		C45C0B1B296655A2007BFE58 /* Pretendard-SemiBold.otf */ = {isa = PBXFileReference; lastKnownFileType = file; path = "Pretendard-SemiBold.otf"; sourceTree = "<group>"; };
		C45C0B1C296655A3007BFE58 /* Pretendard-Bold.otf */ = {isa = PBXFileReference; lastKnownFileType = file; path = "Pretendard-Bold.otf"; sourceTree = "<group>"; };
		C45C0B1D296655A3007BFE58 /* Pretendard-Light.otf */ = {isa = PBXFileReference; lastKnownFileType = file; path = "Pretendard-Light.otf"; sourceTree = "<group>"; };
		C45C0B1E296655A3007BFE58 /* Pretendard-Thin.otf */ = {isa = PBXFileReference; lastKnownFileType = file; path = "Pretendard-Thin.otf"; sourceTree = "<group>"; };
		C45C0B1F296655A3007BFE58 /* Pretendard-Black.otf */ = {isa = PBXFileReference; lastKnownFileType = file; path = "Pretendard-Black.otf"; sourceTree = "<group>"; };
		C45C0B20296655BB007BFE58 /* Info.plist */ = {isa = PBXFileReference; lastKnownFileType = text.plist; path = Info.plist; sourceTree = "<group>"; };
		C45C0B2129665851007BFE58 /* BtnModifier.swift */ = {isa = PBXFileReference; lastKnownFileType = sourcecode.swift; path = BtnModifier.swift; sourceTree = "<group>"; };
		C45C0B23296659A1007BFE58 /* Bucket.swift */ = {isa = PBXFileReference; lastKnownFileType = sourcecode.swift; path = Bucket.swift; sourceTree = "<group>"; };
		C45C0B2729665ACC007BFE58 /* BucketDetail.swift */ = {isa = PBXFileReference; lastKnownFileType = sourcecode.swift; path = BucketDetail.swift; sourceTree = "<group>"; };
		C45C0B3429665D0B007BFE58 /* SplashView.swift */ = {isa = PBXFileReference; lastKnownFileType = sourcecode.swift; path = SplashView.swift; sourceTree = "<group>"; };
		C45C0B3629665D17007BFE58 /* SignInView.swift */ = {isa = PBXFileReference; lastKnownFileType = sourcecode.swift; path = SignInView.swift; sourceTree = "<group>"; };
		C45C0B3A29665D24007BFE58 /* HomeView.swift */ = {isa = PBXFileReference; lastKnownFileType = sourcecode.swift; path = HomeView.swift; sourceTree = "<group>"; };
		C45C0B3C29665D2B007BFE58 /* BucketListView.swift */ = {isa = PBXFileReference; lastKnownFileType = sourcecode.swift; path = BucketListView.swift; sourceTree = "<group>"; };
		C45C0B3E29665D37007BFE58 /* AnalyzeView.swift */ = {isa = PBXFileReference; lastKnownFileType = sourcecode.swift; path = AnalyzeView.swift; sourceTree = "<group>"; };
		C45C0B4029665D40007BFE58 /* MyPageView.swift */ = {isa = PBXFileReference; lastKnownFileType = sourcecode.swift; path = MyPageView.swift; sourceTree = "<group>"; };
		C45C0B4229665D48007BFE58 /* NotificationView.swift */ = {isa = PBXFileReference; lastKnownFileType = sourcecode.swift; path = NotificationView.swift; sourceTree = "<group>"; };
		C45C0B4429665D73007BFE58 /* ETC.swift */ = {isa = PBXFileReference; lastKnownFileType = sourcecode.swift; path = ETC.swift; sourceTree = "<group>"; };
		C45C0B46296684C5007BFE58 /* User.swift */ = {isa = PBXFileReference; lastKnownFileType = sourcecode.swift; path = User.swift; sourceTree = "<group>"; };
		C45C0B48296686EB007BFE58 /* BucketStore.swift */ = {isa = PBXFileReference; lastKnownFileType = sourcecode.swift; path = BucketStore.swift; sourceTree = "<group>"; };
/* End PBXFileReference section */

/* Begin PBXFrameworksBuildPhase section */
		958419DC2966FC9A00CF4682 /* Frameworks */ = {
			isa = PBXFrameworksBuildPhase;
			buildActionMask = 2147483647;
			files = (
				958419E42966FC9A00CF4682 /* SwiftUI.framework in Frameworks */,
				958419E22966FC9A00CF4682 /* WidgetKit.framework in Frameworks */,
			);
			runOnlyForDeploymentPostprocessing = 0;
		};
		C45C0AF5296653A1007BFE58 /* Frameworks */ = {
			isa = PBXFrameworksBuildPhase;
			buildActionMask = 2147483647;
			files = (
				80826E4E2966C04200737B64 /* PopupView in Frameworks */,
				80826E3B2966A45F00737B64 /* GoogleSignIn in Frameworks */,
				C45C0B4C2966886D007BFE58 /* FirebaseAuth in Frameworks */,
				C45C0B522966886D007BFE58 /* FirebaseStorage in Frameworks */,
				80826E3D2966A45F00737B64 /* GoogleSignInSwift in Frameworks */,
				C45C0B4E2966886D007BFE58 /* FirebaseFirestore in Frameworks */,
				C45C0B502966886D007BFE58 /* FirebaseFirestoreSwift in Frameworks */,
				80826E432966B10C00737B64 /* KakaoSDK in Frameworks */,
			);
			runOnlyForDeploymentPostprocessing = 0;
		};
/* End PBXFrameworksBuildPhase section */

/* Begin PBXGroup section */
		0CD92F04296738B80058F4B6 /* Recovered References */ = {
			isa = PBXGroup;
			children = (
				C45C0B3A29665D24007BFE58 /* HomeView.swift */,
			);
			name = "Recovered References";
			sourceTree = "<group>";
		};
		958419E02966FC9A00CF4682 /* Frameworks */ = {
			isa = PBXGroup;
			children = (
				958419E12966FC9A00CF4682 /* WidgetKit.framework */,
				958419E32966FC9A00CF4682 /* SwiftUI.framework */,
			);
			name = Frameworks;
			sourceTree = "<group>";
		};
		958419E52966FC9A00CF4682 /* MyBucket */ = {
			isa = PBXGroup;
			children = (
				958419E62966FC9A00CF4682 /* MyBucket.swift */,
				958419E82966FC9A00CF4682 /* MyBucket.intentdefinition */,
				958419E92966FC9D00CF4682 /* Assets.xcassets */,
				958419EB2966FC9D00CF4682 /* Info.plist */,
			);
			path = MyBucket;
			sourceTree = "<group>";
		};
		958FCFB42966A9CE0028B466 /* subViews */ = {
			isa = PBXGroup;
			children = (
				958FCFB52966A9EE0028B466 /* WaterWave.swift */,
				958FCFB72966BAC50028B466 /* DeepWaterWave.swift */,
			);
			path = subViews;
			sourceTree = "<group>";
		};
		C45C0AEF296653A1007BFE58 = {
			isa = PBXGroup;
			children = (
				C45C0AFA296653A1007BFE58 /* starcket */,
				958419E52966FC9A00CF4682 /* MyBucket */,
				958419E02966FC9A00CF4682 /* Frameworks */,
				C45C0AF9296653A1007BFE58 /* Products */,
				0CD92F04296738B80058F4B6 /* Recovered References */,
			);
			sourceTree = "<group>";
		};
		C45C0AF9296653A1007BFE58 /* Products */ = {
			isa = PBXGroup;
			children = (
				C45C0AF8296653A1007BFE58 /* starcket.app */,
				958419DF2966FC9A00CF4682 /* MyBucketExtension.appex */,
			);
			name = Products;
			sourceTree = "<group>";
		};
		C45C0AFA296653A1007BFE58 /* starcket */ = {
			isa = PBXGroup;
			children = (
				9522F1A12967422F008F28E7 /* GoogleService-Info.plist */,
				9522F19B29674156008F28E7 /* Config.xcconfig */,
				C45C0B20296655BB007BFE58 /* Info.plist */,
				806C0A5F29673DD100ADE0D1 /* GoogleService-Info.plist */,
				C45C0AFB296653A1007BFE58 /* starcketApp.swift */,
				C45C0B0E296654A0007BFE58 /* Configuration */,
				C45C0B0D2966548C007BFE58 /* Sources */,
				C45C0AFF296653A3007BFE58 /* Assets.xcassets */,
				C45C0B01296653A3007BFE58 /* Preview Content */,
			);
			path = starcket;
			sourceTree = "<group>";
		};
		C45C0B01296653A3007BFE58 /* Preview Content */ = {
			isa = PBXGroup;
			children = (
				C45C0B02296653A3007BFE58 /* Preview Assets.xcassets */,
			);
			path = "Preview Content";
			sourceTree = "<group>";
		};
		C45C0B0929665415007BFE58 /* Models */ = {
			isa = PBXGroup;
			children = (
				C45C0B23296659A1007BFE58 /* Bucket.swift */,
				C45C0B2729665ACC007BFE58 /* BucketDetail.swift */,
				C45C0B46296684C5007BFE58 /* User.swift */,
			);
			path = Models;
			sourceTree = "<group>";
		};
		C45C0B0A2966541A007BFE58 /* Views */ = {
			isa = PBXGroup;
			children = (
				C45C0AFD296653A1007BFE58 /* ContentView.swift */,
				C45C0B2929665BAF007BFE58 /* Splash */,
				C45C0B2B29665BD2007BFE58 /* Welcome */,
				C45C0B2A29665BC2007BFE58 /* Home */,
				C45C0B2E29665BFA007BFE58 /* BucketList */,
				C45C0B2F29665C29007BFE58 /* Analyze */,
				C45C0B3029665C48007BFE58 /* MyPage */,
				C45C0B3229665C76007BFE58 /* Notification */,
				C45C0B3129665C5C007BFE58 /* ETC. */,
			);
			path = Views;
			sourceTree = "<group>";
		};
		C45C0B0B29665426007BFE58 /* Stores */ = {
			isa = PBXGroup;
			children = (
				C45C0B48296686EB007BFE58 /* BucketStore.swift */,
				1A3AE9DF2966D7F70024DBB1 /* BucketDetailStore.swift */,
				80826E3E2966A55000737B64 /* AuthStore.swift */,
				80826E4F2966C5DA00737B64 /* SignUpAuthStore.swift */,
			);
			path = Stores;
			sourceTree = "<group>";
		};
		C45C0B0D2966548C007BFE58 /* Sources */ = {
			isa = PBXGroup;
			children = (
				C45C0B0929665415007BFE58 /* Models */,
				C45C0B0B29665426007BFE58 /* Stores */,
				C45C0B0A2966541A007BFE58 /* Views */,
			);
			path = Sources;
			sourceTree = "<group>";
		};
		C45C0B0E296654A0007BFE58 /* Configuration */ = {
			isa = PBXGroup;
			children = (
				C45C0B0F296654A8007BFE58 /* Constants */,
				C45C0B10296654AE007BFE58 /* Extensions */,
				C45C0B11296654B5007BFE58 /* Fonts */,
				C45C0B12296654BB007BFE58 /* Modifiers */,
			);
			path = Configuration;
			sourceTree = "<group>";
		};
		C45C0B0F296654A8007BFE58 /* Constants */ = {
			isa = PBXGroup;
			children = (
				C45C0B1329665512007BFE58 /* Constants.swift */,
			);
			path = Constants;
			sourceTree = "<group>";
		};
		C45C0B10296654AE007BFE58 /* Extensions */ = {
			isa = PBXGroup;
			children = (
				C45C0B1529665555007BFE58 /* Ex+Color.swift */,
				1A3AE9E3296711900024DBB1 /* Ex+Date.swift */,
				1A3AE9E5296711990024DBB1 /* Ex+String.swift */,
			);
			path = Extensions;
			sourceTree = "<group>";
		};
		C45C0B11296654B5007BFE58 /* Fonts */ = {
			isa = PBXGroup;
			children = (
				C45C0B1F296655A3007BFE58 /* Pretendard-Black.otf */,
				C45C0B1C296655A3007BFE58 /* Pretendard-Bold.otf */,
				C45C0B18296655A2007BFE58 /* Pretendard-ExtraBold.otf */,
				C45C0B1A296655A2007BFE58 /* Pretendard-ExtraLight.otf */,
				C45C0B1D296655A3007BFE58 /* Pretendard-Light.otf */,
				C45C0B17296655A2007BFE58 /* Pretendard-Medium.otf */,
				C45C0B19296655A2007BFE58 /* Pretendard-Regular.otf */,
				C45C0B1B296655A2007BFE58 /* Pretendard-SemiBold.otf */,
				C45C0B1E296655A3007BFE58 /* Pretendard-Thin.otf */,
			);
			path = Fonts;
			sourceTree = "<group>";
		};
		C45C0B12296654BB007BFE58 /* Modifiers */ = {
			isa = PBXGroup;
			children = (
				C45C0B2129665851007BFE58 /* BtnModifier.swift */,
				80826E442966B85900737B64 /* TxtfieldModifier.swift */,
			);
			path = Modifiers;
			sourceTree = "<group>";
		};
		C45C0B2929665BAF007BFE58 /* Splash */ = {
			isa = PBXGroup;
			children = (
				C45C0B3429665D0B007BFE58 /* SplashView.swift */,
			);
			path = Splash;
			sourceTree = "<group>";
		};
		C45C0B2A29665BC2007BFE58 /* Home */ = {
			isa = PBXGroup;
			children = (
				0CD92EFF2966CA410058F4B6 /* AddStarView.swift */,
				0CD92F022966EDC20058F4B6 /* HomeView.swift */,
			);
			path = Home;
			sourceTree = "<group>";
		};
		C45C0B2B29665BD2007BFE58 /* Welcome */ = {
			isa = PBXGroup;
			children = (
				C45C0B2C29665BDA007BFE58 /* SignIn */,
				C45C0B2D29665BEA007BFE58 /* SignUp */,
			);
			path = Welcome;
			sourceTree = "<group>";
		};
		C45C0B2C29665BDA007BFE58 /* SignIn */ = {
			isa = PBXGroup;
			children = (
				C45C0B3629665D17007BFE58 /* SignInView.swift */,
			);
			path = SignIn;
			sourceTree = "<group>";
		};
		C45C0B2D29665BEA007BFE58 /* SignUp */ = {
			isa = PBXGroup;
			children = (
				80826E5C2966D8CF00737B64 /* SignUpView.swift */,
				80826E5B2966D8CF00737B64 /* SignUpStep1View.swift */,
				80826E592966D8CF00737B64 /* SignUpStep2View.swift */,
				80826E5D2966D8CF00737B64 /* TermType.swift */,
				80826E5A2966D8CF00737B64 /* SafariView.swift */,
			);
			path = SignUp;
			sourceTree = "<group>";
		};
		C45C0B2E29665BFA007BFE58 /* BucketList */ = {
			isa = PBXGroup;
			children = (
				C45C0B3C29665D2B007BFE58 /* BucketListView.swift */,
				1A3AE9D92966AE460024DBB1 /* BucketListAddView.swift */,
				1A3AE9E12966ECCE0024DBB1 /* BucketDetailListView.swift */,
				8B4377162966F109002D4AAB /* BucketListDetailAddView.swift */,
				8B43771A29671C52002D4AAB /* BucketDetailView.swift */,
				8B4377182966F5F4002D4AAB /* ImagePicker.swift */,
			);
			path = BucketList;
			sourceTree = "<group>";
		};
		C45C0B2F29665C29007BFE58 /* Analyze */ = {
			isa = PBXGroup;
			children = (
				C45C0B3E29665D37007BFE58 /* AnalyzeView.swift */,
				958FCFB42966A9CE0028B466 /* subViews */,
			);
			path = Analyze;
			sourceTree = "<group>";
		};
		C45C0B3029665C48007BFE58 /* MyPage */ = {
			isa = PBXGroup;
			children = (
				C45C0B4029665D40007BFE58 /* MyPageView.swift */,
				80826E692966E4A100737B64 /* EditProfileView.swift */,
				80826E672966E42F00737B64 /* PurchasePremiumView.swift */,
				80826E632966E04E00737B64 /* MoreView.swift */,
				80826E6B2966E7EE00737B64 /* SendOpinion.swift */,
			);
			path = MyPage;
			sourceTree = "<group>";
		};
		C45C0B3129665C5C007BFE58 /* ETC. */ = {
			isa = PBXGroup;
			children = (
				C45C0B4429665D73007BFE58 /* ETC.swift */,
				806C0A652967540D00ADE0D1 /* SoohyunTest.swift */,
			);
			path = ETC.;
			sourceTree = "<group>";
		};
		C45C0B3229665C76007BFE58 /* Notification */ = {
			isa = PBXGroup;
			children = (
				C45C0B4229665D48007BFE58 /* NotificationView.swift */,
			);
			path = Notification;
			sourceTree = "<group>";
		};
/* End PBXGroup section */

/* Begin PBXNativeTarget section */
		958419DE2966FC9A00CF4682 /* MyBucketExtension */ = {
			isa = PBXNativeTarget;
			buildConfigurationList = 958419F42966FC9D00CF4682 /* Build configuration list for PBXNativeTarget "MyBucketExtension" */;
			buildPhases = (
				958419DB2966FC9A00CF4682 /* Sources */,
				958419DC2966FC9A00CF4682 /* Frameworks */,
				958419DD2966FC9A00CF4682 /* Resources */,
			);
			buildRules = (
			);
			dependencies = (
			);
			name = MyBucketExtension;
			productName = MyBucketExtension;
			productReference = 958419DF2966FC9A00CF4682 /* MyBucketExtension.appex */;
			productType = "com.apple.product-type.app-extension";
		};
		C45C0AF7296653A1007BFE58 /* starcket */ = {
			isa = PBXNativeTarget;
			buildConfigurationList = C45C0B06296653A3007BFE58 /* Build configuration list for PBXNativeTarget "starcket" */;
			buildPhases = (
				C45C0AF4296653A1007BFE58 /* Sources */,
				C45C0AF5296653A1007BFE58 /* Frameworks */,
				C45C0AF6296653A1007BFE58 /* Resources */,
				958419F12966FC9D00CF4682 /* Embed Foundation Extensions */,
			);
			buildRules = (
			);
			dependencies = (
				958419EF2966FC9D00CF4682 /* PBXTargetDependency */,
			);
			name = starcket;
			packageProductDependencies = (
				C45C0B4B2966886D007BFE58 /* FirebaseAuth */,
				C45C0B4D2966886D007BFE58 /* FirebaseFirestore */,
				C45C0B4F2966886D007BFE58 /* FirebaseFirestoreSwift */,
				C45C0B512966886D007BFE58 /* FirebaseStorage */,
				80826E3A2966A45F00737B64 /* GoogleSignIn */,
				80826E3C2966A45F00737B64 /* GoogleSignInSwift */,
				80826E422966B10C00737B64 /* KakaoSDK */,
				80826E4D2966C04200737B64 /* PopupView */,
			);
			productName = starcket;
			productReference = C45C0AF8296653A1007BFE58 /* starcket.app */;
			productType = "com.apple.product-type.application";
		};
/* End PBXNativeTarget section */

/* Begin PBXProject section */
		C45C0AF0296653A1007BFE58 /* Project object */ = {
			isa = PBXProject;
			attributes = {
				BuildIndependentTargetsInParallel = 1;
				LastSwiftUpdateCheck = 1400;
				LastUpgradeCheck = 1420;
				TargetAttributes = {
					958419DE2966FC9A00CF4682 = {
						CreatedOnToolsVersion = 14.0;
					};
					C45C0AF7296653A1007BFE58 = {
						CreatedOnToolsVersion = 14.2;
					};
				};
			};
			buildConfigurationList = C45C0AF3296653A1007BFE58 /* Build configuration list for PBXProject "starcket" */;
			compatibilityVersion = "Xcode 14.0";
			developmentRegion = en;
			hasScannedForEncodings = 0;
			knownRegions = (
				en,
				Base,
			);
			mainGroup = C45C0AEF296653A1007BFE58;
			packageReferences = (
				C45C0B4A2966886D007BFE58 /* XCRemoteSwiftPackageReference "firebase-ios-sdk" */,
				80826E392966A45F00737B64 /* XCRemoteSwiftPackageReference "GoogleSignIn-iOS" */,
				80826E412966B10C00737B64 /* XCRemoteSwiftPackageReference "kakao-ios-sdk" */,
				80826E4C2966C04200737B64 /* XCRemoteSwiftPackageReference "PopupView" */,
			);
			productRefGroup = C45C0AF9296653A1007BFE58 /* Products */;
			projectDirPath = "";
			projectRoot = "";
			targets = (
				C45C0AF7296653A1007BFE58 /* starcket */,
				958419DE2966FC9A00CF4682 /* MyBucketExtension */,
			);
		};
/* End PBXProject section */

/* Begin PBXResourcesBuildPhase section */
		958419DD2966FC9A00CF4682 /* Resources */ = {
			isa = PBXResourcesBuildPhase;
			buildActionMask = 2147483647;
			files = (
				958419EA2966FC9D00CF4682 /* Assets.xcassets in Resources */,
				9522F19D29674156008F28E7 /* Config.xcconfig in Resources */,
			);
			runOnlyForDeploymentPostprocessing = 0;
		};
		C45C0AF6296653A1007BFE58 /* Resources */ = {
			isa = PBXResourcesBuildPhase;
			buildActionMask = 2147483647;
			files = (
				9522F19C29674156008F28E7 /* Config.xcconfig in Resources */,
				9522F1A22967422F008F28E7 /* GoogleService-Info.plist in Resources */,
				C45C0B03296653A3007BFE58 /* Preview Assets.xcassets in Resources */,
				C45C0B00296653A3007BFE58 /* Assets.xcassets in Resources */,
			);
			runOnlyForDeploymentPostprocessing = 0;
		};
/* End PBXResourcesBuildPhase section */

/* Begin PBXSourcesBuildPhase section */
		958419DB2966FC9A00CF4682 /* Sources */ = {
			isa = PBXSourcesBuildPhase;
			buildActionMask = 2147483647;
			files = (
				958419F82966FE3200CF4682 /* WaterWave.swift in Sources */,
				958419EC2966FC9D00CF4682 /* MyBucket.intentdefinition in Sources */,
				958419F92966FE5100CF4682 /* Ex+Color.swift in Sources */,
				958419F52966FD5F00CF4682 /* DeepWaterWave.swift in Sources */,
				958419E72966FC9A00CF4682 /* MyBucket.swift in Sources */,
			);
			runOnlyForDeploymentPostprocessing = 0;
		};
		C45C0AF4296653A1007BFE58 /* Sources */ = {
			isa = PBXSourcesBuildPhase;
			buildActionMask = 2147483647;
			files = (
				1A3AE9E4296711900024DBB1 /* Ex+Date.swift in Sources */,
				C45C0B4529665D73007BFE58 /* ETC.swift in Sources */,
				1A3AE9DA2966AE460024DBB1 /* BucketListAddView.swift in Sources */,
				C45C0B3D29665D2B007BFE58 /* BucketListView.swift in Sources */,
				1A3AE9E02966D7F70024DBB1 /* BucketDetailStore.swift in Sources */,
				C45C0B3729665D17007BFE58 /* SignInView.swift in Sources */,
				80826E642966E04E00737B64 /* MoreView.swift in Sources */,
				C45C0B3F29665D37007BFE58 /* AnalyzeView.swift in Sources */,
				80826E612966D8CF00737B64 /* SignUpView.swift in Sources */,
				80826E682966E42F00737B64 /* PurchasePremiumView.swift in Sources */,
				C45C0B1629665555007BFE58 /* Ex+Color.swift in Sources */,
				8B4377192966F5F4002D4AAB /* ImagePicker.swift in Sources */,
				C45C0B3529665D0B007BFE58 /* SplashView.swift in Sources */,
				958FCFB82966BAC50028B466 /* DeepWaterWave.swift in Sources */,
				8B4377172966F109002D4AAB /* BucketListDetailAddView.swift in Sources */,
				80826E5E2966D8CF00737B64 /* SignUpStep2View.swift in Sources */,
				C45C0B2229665851007BFE58 /* BtnModifier.swift in Sources */,
				C45C0B49296686EB007BFE58 /* BucketStore.swift in Sources */,
				80826E502966C5DA00737B64 /* SignUpAuthStore.swift in Sources */,
				C45C0B47296684C5007BFE58 /* User.swift in Sources */,
				1A3AE9E6296711990024DBB1 /* Ex+String.swift in Sources */,
				80826E6A2966E4A100737B64 /* EditProfileView.swift in Sources */,
				80826E6C2966E7EE00737B64 /* SendOpinion.swift in Sources */,
				C45C0AFE296653A1007BFE58 /* ContentView.swift in Sources */,
				80826E5F2966D8CF00737B64 /* SafariView.swift in Sources */,
				C45C0B4129665D40007BFE58 /* MyPageView.swift in Sources */,
				958419ED2966FC9D00CF4682 /* MyBucket.intentdefinition in Sources */,
				806C0A662967540D00ADE0D1 /* SoohyunTest.swift in Sources */,
				958FCFB62966A9EE0028B466 /* WaterWave.swift in Sources */,
				8B43771B29671C52002D4AAB /* BucketDetailView.swift in Sources */,
				80826E602966D8CF00737B64 /* SignUpStep1View.swift in Sources */,
				80826E452966B85900737B64 /* TxtfieldModifier.swift in Sources */,
				C45C0B2829665ACC007BFE58 /* BucketDetail.swift in Sources */,
				80826E3F2966A55000737B64 /* AuthStore.swift in Sources */,
				C45C0B24296659A1007BFE58 /* Bucket.swift in Sources */,
				80826E622966D8CF00737B64 /* TermType.swift in Sources */,
				C45C0AFC296653A1007BFE58 /* starcketApp.swift in Sources */,
				0CD92F012966EC5E0058F4B6 /* AddStarView.swift in Sources */,
				C45C0B1429665512007BFE58 /* Constants.swift in Sources */,
				C45C0B4329665D48007BFE58 /* NotificationView.swift in Sources */,
				0CD92F032966EDC20058F4B6 /* HomeView.swift in Sources */,
				1A3AE9E7296721FE0024DBB1 /* BucketDetailListView.swift in Sources */,
			);
			runOnlyForDeploymentPostprocessing = 0;
		};
/* End PBXSourcesBuildPhase section */

/* Begin PBXTargetDependency section */
		958419EF2966FC9D00CF4682 /* PBXTargetDependency */ = {
			isa = PBXTargetDependency;
			target = 958419DE2966FC9A00CF4682 /* MyBucketExtension */;
			targetProxy = 958419EE2966FC9D00CF4682 /* PBXContainerItemProxy */;
		};
/* End PBXTargetDependency section */

/* Begin XCBuildConfiguration section */
		958419F22966FC9D00CF4682 /* Debug */ = {
			isa = XCBuildConfiguration;
			buildSettings = {
				ASSETCATALOG_COMPILER_GLOBAL_ACCENT_COLOR_NAME = AccentColor;
				ASSETCATALOG_COMPILER_WIDGET_BACKGROUND_COLOR_NAME = WidgetBackground;
				CODE_SIGN_STYLE = Automatic;
				CURRENT_PROJECT_VERSION = 1;
				DEVELOPMENT_TEAM = SF6SBNPMLX;
				GENERATE_INFOPLIST_FILE = YES;
				INFOPLIST_FILE = MyBucket/Info.plist;
				INFOPLIST_KEY_CFBundleDisplayName = MyBucket;
				INFOPLIST_KEY_NSHumanReadableCopyright = "";
				IPHONEOS_DEPLOYMENT_TARGET = 16.0;
				LD_RUNPATH_SEARCH_PATHS = (
					"$(inherited)",
					"@executable_path/Frameworks",
					"@executable_path/../../Frameworks",
				);
				MARKETING_VERSION = 1.0;
				PRODUCT_BUNDLE_IDENTIFIER = likelion.hackathon.starcket.MyBucket;
				PRODUCT_NAME = "$(TARGET_NAME)";
				SKIP_INSTALL = YES;
				SWIFT_EMIT_LOC_STRINGS = YES;
				SWIFT_VERSION = 5.0;
				TARGETED_DEVICE_FAMILY = "1,2";
			};
			name = Debug;
		};
		958419F32966FC9D00CF4682 /* Release */ = {
			isa = XCBuildConfiguration;
			buildSettings = {
				ASSETCATALOG_COMPILER_GLOBAL_ACCENT_COLOR_NAME = AccentColor;
				ASSETCATALOG_COMPILER_WIDGET_BACKGROUND_COLOR_NAME = WidgetBackground;
				CODE_SIGN_STYLE = Automatic;
				CURRENT_PROJECT_VERSION = 1;
				DEVELOPMENT_TEAM = SF6SBNPMLX;
				GENERATE_INFOPLIST_FILE = YES;
				INFOPLIST_FILE = MyBucket/Info.plist;
				INFOPLIST_KEY_CFBundleDisplayName = MyBucket;
				INFOPLIST_KEY_NSHumanReadableCopyright = "";
				IPHONEOS_DEPLOYMENT_TARGET = 16.0;
				LD_RUNPATH_SEARCH_PATHS = (
					"$(inherited)",
					"@executable_path/Frameworks",
					"@executable_path/../../Frameworks",
				);
				MARKETING_VERSION = 1.0;
				PRODUCT_BUNDLE_IDENTIFIER = likelion.hackathon.starcket.MyBucket;
				PRODUCT_NAME = "$(TARGET_NAME)";
				SKIP_INSTALL = YES;
				SWIFT_EMIT_LOC_STRINGS = YES;
				SWIFT_VERSION = 5.0;
				TARGETED_DEVICE_FAMILY = "1,2";
			};
			name = Release;
		};
		C45C0B04296653A3007BFE58 /* Debug */ = {
			isa = XCBuildConfiguration;
			baseConfigurationReference = 806C0A6129673DFB00ADE0D1 /* Config.xcconfig */;
			buildSettings = {
				ALWAYS_SEARCH_USER_PATHS = NO;
				CLANG_ANALYZER_NONNULL = YES;
				CLANG_ANALYZER_NUMBER_OBJECT_CONVERSION = YES_AGGRESSIVE;
				CLANG_CXX_LANGUAGE_STANDARD = "gnu++20";
				CLANG_ENABLE_MODULES = YES;
				CLANG_ENABLE_OBJC_ARC = YES;
				CLANG_ENABLE_OBJC_WEAK = YES;
				CLANG_WARN_BLOCK_CAPTURE_AUTORELEASING = YES;
				CLANG_WARN_BOOL_CONVERSION = YES;
				CLANG_WARN_COMMA = YES;
				CLANG_WARN_CONSTANT_CONVERSION = YES;
				CLANG_WARN_DEPRECATED_OBJC_IMPLEMENTATIONS = YES;
				CLANG_WARN_DIRECT_OBJC_ISA_USAGE = YES_ERROR;
				CLANG_WARN_DOCUMENTATION_COMMENTS = YES;
				CLANG_WARN_EMPTY_BODY = YES;
				CLANG_WARN_ENUM_CONVERSION = YES;
				CLANG_WARN_INFINITE_RECURSION = YES;
				CLANG_WARN_INT_CONVERSION = YES;
				CLANG_WARN_NON_LITERAL_NULL_CONVERSION = YES;
				CLANG_WARN_OBJC_IMPLICIT_RETAIN_SELF = YES;
				CLANG_WARN_OBJC_LITERAL_CONVERSION = YES;
				CLANG_WARN_OBJC_ROOT_CLASS = YES_ERROR;
				CLANG_WARN_QUOTED_INCLUDE_IN_FRAMEWORK_HEADER = YES;
				CLANG_WARN_RANGE_LOOP_ANALYSIS = YES;
				CLANG_WARN_STRICT_PROTOTYPES = YES;
				CLANG_WARN_SUSPICIOUS_MOVE = YES;
				CLANG_WARN_UNGUARDED_AVAILABILITY = YES_AGGRESSIVE;
				CLANG_WARN_UNREACHABLE_CODE = YES;
				CLANG_WARN__DUPLICATE_METHOD_MATCH = YES;
				COPY_PHASE_STRIP = NO;
				DEBUG_INFORMATION_FORMAT = dwarf;
				ENABLE_STRICT_OBJC_MSGSEND = YES;
				ENABLE_TESTABILITY = YES;
				GCC_C_LANGUAGE_STANDARD = gnu11;
				GCC_DYNAMIC_NO_PIC = NO;
				GCC_NO_COMMON_BLOCKS = YES;
				GCC_OPTIMIZATION_LEVEL = 0;
				GCC_PREPROCESSOR_DEFINITIONS = (
					"DEBUG=1",
					"$(inherited)",
				);
				GCC_WARN_64_TO_32_BIT_CONVERSION = YES;
				GCC_WARN_ABOUT_RETURN_TYPE = YES_ERROR;
				GCC_WARN_UNDECLARED_SELECTOR = YES;
				GCC_WARN_UNINITIALIZED_AUTOS = YES_AGGRESSIVE;
				GCC_WARN_UNUSED_FUNCTION = YES;
				GCC_WARN_UNUSED_VARIABLE = YES;
				IPHONEOS_DEPLOYMENT_TARGET = 16.2;
				MTL_ENABLE_DEBUG_INFO = INCLUDE_SOURCE;
				MTL_FAST_MATH = YES;
				ONLY_ACTIVE_ARCH = YES;
				SDKROOT = iphoneos;
				SWIFT_ACTIVE_COMPILATION_CONDITIONS = DEBUG;
				SWIFT_OPTIMIZATION_LEVEL = "-Onone";
			};
			name = Debug;
		};
		C45C0B05296653A3007BFE58 /* Release */ = {
			isa = XCBuildConfiguration;
			baseConfigurationReference = 806C0A6129673DFB00ADE0D1 /* Config.xcconfig */;
			buildSettings = {
				ALWAYS_SEARCH_USER_PATHS = NO;
				CLANG_ANALYZER_NONNULL = YES;
				CLANG_ANALYZER_NUMBER_OBJECT_CONVERSION = YES_AGGRESSIVE;
				CLANG_CXX_LANGUAGE_STANDARD = "gnu++20";
				CLANG_ENABLE_MODULES = YES;
				CLANG_ENABLE_OBJC_ARC = YES;
				CLANG_ENABLE_OBJC_WEAK = YES;
				CLANG_WARN_BLOCK_CAPTURE_AUTORELEASING = YES;
				CLANG_WARN_BOOL_CONVERSION = YES;
				CLANG_WARN_COMMA = YES;
				CLANG_WARN_CONSTANT_CONVERSION = YES;
				CLANG_WARN_DEPRECATED_OBJC_IMPLEMENTATIONS = YES;
				CLANG_WARN_DIRECT_OBJC_ISA_USAGE = YES_ERROR;
				CLANG_WARN_DOCUMENTATION_COMMENTS = YES;
				CLANG_WARN_EMPTY_BODY = YES;
				CLANG_WARN_ENUM_CONVERSION = YES;
				CLANG_WARN_INFINITE_RECURSION = YES;
				CLANG_WARN_INT_CONVERSION = YES;
				CLANG_WARN_NON_LITERAL_NULL_CONVERSION = YES;
				CLANG_WARN_OBJC_IMPLICIT_RETAIN_SELF = YES;
				CLANG_WARN_OBJC_LITERAL_CONVERSION = YES;
				CLANG_WARN_OBJC_ROOT_CLASS = YES_ERROR;
				CLANG_WARN_QUOTED_INCLUDE_IN_FRAMEWORK_HEADER = YES;
				CLANG_WARN_RANGE_LOOP_ANALYSIS = YES;
				CLANG_WARN_STRICT_PROTOTYPES = YES;
				CLANG_WARN_SUSPICIOUS_MOVE = YES;
				CLANG_WARN_UNGUARDED_AVAILABILITY = YES_AGGRESSIVE;
				CLANG_WARN_UNREACHABLE_CODE = YES;
				CLANG_WARN__DUPLICATE_METHOD_MATCH = YES;
				COPY_PHASE_STRIP = NO;
				DEBUG_INFORMATION_FORMAT = "dwarf-with-dsym";
				ENABLE_NS_ASSERTIONS = NO;
				ENABLE_STRICT_OBJC_MSGSEND = YES;
				GCC_C_LANGUAGE_STANDARD = gnu11;
				GCC_NO_COMMON_BLOCKS = YES;
				GCC_WARN_64_TO_32_BIT_CONVERSION = YES;
				GCC_WARN_ABOUT_RETURN_TYPE = YES_ERROR;
				GCC_WARN_UNDECLARED_SELECTOR = YES;
				GCC_WARN_UNINITIALIZED_AUTOS = YES_AGGRESSIVE;
				GCC_WARN_UNUSED_FUNCTION = YES;
				GCC_WARN_UNUSED_VARIABLE = YES;
				IPHONEOS_DEPLOYMENT_TARGET = 16.2;
				MTL_ENABLE_DEBUG_INFO = NO;
				MTL_FAST_MATH = YES;
				SDKROOT = iphoneos;
				SWIFT_COMPILATION_MODE = wholemodule;
				SWIFT_OPTIMIZATION_LEVEL = "-O";
				VALIDATE_PRODUCT = YES;
			};
			name = Release;
		};
		C45C0B07296653A3007BFE58 /* Debug */ = {
			isa = XCBuildConfiguration;
			baseConfigurationReference = 806C0A6129673DFB00ADE0D1 /* Config.xcconfig */;
			buildSettings = {
				ALWAYS_EMBED_SWIFT_STANDARD_LIBRARIES = YES;
				ASSETCATALOG_COMPILER_APPICON_NAME = AppIcon;
				ASSETCATALOG_COMPILER_GLOBAL_ACCENT_COLOR_NAME = AccentColor;
				CODE_SIGN_STYLE = Automatic;
				CURRENT_PROJECT_VERSION = 1;
				DEVELOPMENT_ASSET_PATHS = "\"starcket/Preview Content\"";
				DEVELOPMENT_TEAM = "";
				ENABLE_PREVIEWS = YES;
				GENERATE_INFOPLIST_FILE = YES;
				INFOPLIST_FILE = starcket/Info.plist;
				INFOPLIST_KEY_UIApplicationSceneManifest_Generation = YES;
				INFOPLIST_KEY_UIApplicationSupportsIndirectInputEvents = YES;
				INFOPLIST_KEY_UILaunchScreen_Generation = YES;
				INFOPLIST_KEY_UISupportedInterfaceOrientations = UIInterfaceOrientationPortrait;
				INFOPLIST_KEY_UISupportedInterfaceOrientations_iPad = "UIInterfaceOrientationLandscapeLeft UIInterfaceOrientationLandscapeRight UIInterfaceOrientationPortrait UIInterfaceOrientationPortraitUpsideDown";
				IPHONEOS_DEPLOYMENT_TARGET = 16.0;
				LD_RUNPATH_SEARCH_PATHS = (
					"$(inherited)",
					"@executable_path/Frameworks",
				);
				MARKETING_VERSION = 1.0;
				PRODUCT_BUNDLE_IDENTIFIER = likelion.hackathon.starcket;
				PRODUCT_NAME = "$(TARGET_NAME)";
				SWIFT_EMIT_LOC_STRINGS = YES;
				SWIFT_VERSION = 5.0;
				TARGETED_DEVICE_FAMILY = "1,2";
			};
			name = Debug;
		};
		C45C0B08296653A3007BFE58 /* Release */ = {
			isa = XCBuildConfiguration;
			baseConfigurationReference = 806C0A6129673DFB00ADE0D1 /* Config.xcconfig */;
			buildSettings = {
				ALWAYS_EMBED_SWIFT_STANDARD_LIBRARIES = YES;
				ASSETCATALOG_COMPILER_APPICON_NAME = AppIcon;
				ASSETCATALOG_COMPILER_GLOBAL_ACCENT_COLOR_NAME = AccentColor;
				CODE_SIGN_STYLE = Automatic;
				CURRENT_PROJECT_VERSION = 1;
				DEVELOPMENT_ASSET_PATHS = "\"starcket/Preview Content\"";
				DEVELOPMENT_TEAM = "";
				ENABLE_PREVIEWS = YES;
				GENERATE_INFOPLIST_FILE = YES;
				INFOPLIST_FILE = starcket/Info.plist;
				INFOPLIST_KEY_UIApplicationSceneManifest_Generation = YES;
				INFOPLIST_KEY_UIApplicationSupportsIndirectInputEvents = YES;
				INFOPLIST_KEY_UILaunchScreen_Generation = YES;
				INFOPLIST_KEY_UISupportedInterfaceOrientations = UIInterfaceOrientationPortrait;
				INFOPLIST_KEY_UISupportedInterfaceOrientations_iPad = "UIInterfaceOrientationLandscapeLeft UIInterfaceOrientationLandscapeRight UIInterfaceOrientationPortrait UIInterfaceOrientationPortraitUpsideDown";
				IPHONEOS_DEPLOYMENT_TARGET = 16.0;
				LD_RUNPATH_SEARCH_PATHS = (
					"$(inherited)",
					"@executable_path/Frameworks",
				);
				MARKETING_VERSION = 1.0;
				PRODUCT_BUNDLE_IDENTIFIER = likelion.hackathon.starcket;
				PRODUCT_NAME = "$(TARGET_NAME)";
				SWIFT_EMIT_LOC_STRINGS = YES;
				SWIFT_VERSION = 5.0;
				TARGETED_DEVICE_FAMILY = "1,2";
			};
			name = Release;
		};
/* End XCBuildConfiguration section */

/* Begin XCConfigurationList section */
		958419F42966FC9D00CF4682 /* Build configuration list for PBXNativeTarget "MyBucketExtension" */ = {
			isa = XCConfigurationList;
			buildConfigurations = (
				958419F22966FC9D00CF4682 /* Debug */,
				958419F32966FC9D00CF4682 /* Release */,
			);
			defaultConfigurationIsVisible = 0;
			defaultConfigurationName = Release;
		};
		C45C0AF3296653A1007BFE58 /* Build configuration list for PBXProject "starcket" */ = {
			isa = XCConfigurationList;
			buildConfigurations = (
				C45C0B04296653A3007BFE58 /* Debug */,
				C45C0B05296653A3007BFE58 /* Release */,
			);
			defaultConfigurationIsVisible = 0;
			defaultConfigurationName = Release;
		};
		C45C0B06296653A3007BFE58 /* Build configuration list for PBXNativeTarget "starcket" */ = {
			isa = XCConfigurationList;
			buildConfigurations = (
				C45C0B07296653A3007BFE58 /* Debug */,
				C45C0B08296653A3007BFE58 /* Release */,
			);
			defaultConfigurationIsVisible = 0;
			defaultConfigurationName = Release;
		};
/* End XCConfigurationList section */

/* Begin XCRemoteSwiftPackageReference section */
		80826E392966A45F00737B64 /* XCRemoteSwiftPackageReference "GoogleSignIn-iOS" */ = {
			isa = XCRemoteSwiftPackageReference;
			repositoryURL = "https://github.com/google/GoogleSignIn-iOS";
			requirement = {
				branch = main;
				kind = branch;
			};
		};
		80826E412966B10C00737B64 /* XCRemoteSwiftPackageReference "kakao-ios-sdk" */ = {
			isa = XCRemoteSwiftPackageReference;
			repositoryURL = "https://github.com/kakao/kakao-ios-sdk";
			requirement = {
				branch = master;
				kind = branch;
			};
		};
		80826E4C2966C04200737B64 /* XCRemoteSwiftPackageReference "PopupView" */ = {
			isa = XCRemoteSwiftPackageReference;
			repositoryURL = "https://github.com/exyte/PopupView.git";
			requirement = {
				kind = upToNextMajorVersion;
				minimumVersion = 1.0.0;
			};
		};
		C45C0B4A2966886D007BFE58 /* XCRemoteSwiftPackageReference "firebase-ios-sdk" */ = {
			isa = XCRemoteSwiftPackageReference;
			repositoryURL = "https://github.com/firebase/firebase-ios-sdk";
			requirement = {
				kind = upToNextMajorVersion;
				minimumVersion = 9.0.0;
			};
		};
/* End XCRemoteSwiftPackageReference section */

/* Begin XCSwiftPackageProductDependency section */
		80826E3A2966A45F00737B64 /* GoogleSignIn */ = {
			isa = XCSwiftPackageProductDependency;
			package = 80826E392966A45F00737B64 /* XCRemoteSwiftPackageReference "GoogleSignIn-iOS" */;
			productName = GoogleSignIn;
		};
		80826E3C2966A45F00737B64 /* GoogleSignInSwift */ = {
			isa = XCSwiftPackageProductDependency;
			package = 80826E392966A45F00737B64 /* XCRemoteSwiftPackageReference "GoogleSignIn-iOS" */;
			productName = GoogleSignInSwift;
		};
		80826E422966B10C00737B64 /* KakaoSDK */ = {
			isa = XCSwiftPackageProductDependency;
			package = 80826E412966B10C00737B64 /* XCRemoteSwiftPackageReference "kakao-ios-sdk" */;
			productName = KakaoSDK;
		};
		80826E4D2966C04200737B64 /* PopupView */ = {
			isa = XCSwiftPackageProductDependency;
			package = 80826E4C2966C04200737B64 /* XCRemoteSwiftPackageReference "PopupView" */;
			productName = PopupView;
		};
		C45C0B4B2966886D007BFE58 /* FirebaseAuth */ = {
			isa = XCSwiftPackageProductDependency;
			package = C45C0B4A2966886D007BFE58 /* XCRemoteSwiftPackageReference "firebase-ios-sdk" */;
			productName = FirebaseAuth;
		};
		C45C0B4D2966886D007BFE58 /* FirebaseFirestore */ = {
			isa = XCSwiftPackageProductDependency;
			package = C45C0B4A2966886D007BFE58 /* XCRemoteSwiftPackageReference "firebase-ios-sdk" */;
			productName = FirebaseFirestore;
		};
		C45C0B4F2966886D007BFE58 /* FirebaseFirestoreSwift */ = {
			isa = XCSwiftPackageProductDependency;
			package = C45C0B4A2966886D007BFE58 /* XCRemoteSwiftPackageReference "firebase-ios-sdk" */;
			productName = FirebaseFirestoreSwift;
		};
		C45C0B512966886D007BFE58 /* FirebaseStorage */ = {
			isa = XCSwiftPackageProductDependency;
			package = C45C0B4A2966886D007BFE58 /* XCRemoteSwiftPackageReference "firebase-ios-sdk" */;
			productName = FirebaseStorage;
		};
/* End XCSwiftPackageProductDependency section */
	};
	rootObject = C45C0AF0296653A1007BFE58 /* Project object */;
}
